Microsoft Visual Studio Solution File, Format Version 12.00
# Visual Studio 15
VisualStudioVersion = 15.0.27130.2003
MinimumVisualStudioVersion = 15.0.26124.0
Project("{9A19103F-16F7-4668-BE54-9A1E7A4F7556}") = "day9.implementation", "day9.implementation\day9.implementation.csproj", "{342E08EE-AC46-41CB-A0D7-8EA6A170640D}"
EndProject
Project("{9A19103F-16F7-4668-BE54-9A1E7A4F7556}") = "day9.test", "day9.test\day9.test.csproj", "{5598F3D9-CA5B-455D-93C5-057737356906}"
EndProject
Project("{9A19103F-16F7-4668-BE54-9A1E7A4F7556}") = "day9", "day9\day9.csproj", "{6012C5BF-C46D-498D-9A1C-B7FE07F20DA7}"
EndProject
Global
	GlobalSection(SolutionConfigurationPlatforms) = preSolution
		Debug|Any CPU = Debug|Any CPU
		Debug|x64 = Debug|x64
		Debug|x86 = Debug|x86
		Release|Any CPU = Release|Any CPU
		Release|x64 = Release|x64
		Release|x86 = Release|x86
	EndGlobalSection
	GlobalSection(ProjectConfigurationPlatforms) = postSolution
		{342E08EE-AC46-41CB-A0D7-8EA6A170640D}.Debug|Any CPU.ActiveCfg = Debug|Any CPU
		{342E08EE-AC46-41CB-A0D7-8EA6A170640D}.Debug|Any CPU.Build.0 = Debug|Any CPU
		{342E08EE-AC46-41CB-A0D7-8EA6A170640D}.Debug|x64.ActiveCfg = Debug|Any CPU
		{342E08EE-AC46-41CB-A0D7-8EA6A170640D}.Debug|x64.Build.0 = Debug|Any CPU
		{342E08EE-AC46-41CB-A0D7-8EA6A170640D}.Debug|x86.ActiveCfg = Debug|Any CPU
		{342E08EE-AC46-41CB-A0D7-8EA6A170640D}.Debug|x86.Build.0 = Debug|Any CPU
		{342E08EE-AC46-41CB-A0D7-8EA6A170640D}.Release|Any CPU.ActiveCfg = Release|Any CPU
		{342E08EE-AC46-41CB-A0D7-8EA6A170640D}.Release|Any CPU.Build.0 = Release|Any CPU
		{342E08EE-AC46-41CB-A0D7-8EA6A170640D}.Release|x64.ActiveCfg = Release|Any CPU
		{342E08EE-AC46-41CB-A0D7-8EA6A170640D}.Release|x64.Build.0 = Release|Any CPU
		{342E08EE-AC46-41CB-A0D7-8EA6A170640D}.Release|x86.ActiveCfg = Release|Any CPU
		{342E08EE-AC46-41CB-A0D7-8EA6A170640D}.Release|x86.Build.0 = Release|Any CPU
		{5598F3D9-CA5B-455D-93C5-057737356906}.Debug|Any CPU.ActiveCfg = Debug|Any CPU
		{5598F3D9-CA5B-455D-93C5-057737356906}.Debug|Any CPU.Build.0 = Debug|Any CPU
		{5598F3D9-CA5B-455D-93C5-057737356906}.Debug|x64.ActiveCfg = Debug|Any CPU
		{5598F3D9-CA5B-455D-93C5-057737356906}.Debug|x64.Build.0 = Debug|Any CPU
		{5598F3D9-CA5B-455D-93C5-057737356906}.Debug|x86.ActiveCfg = Debug|Any CPU
		{5598F3D9-CA5B-455D-93C5-057737356906}.Debug|x86.Build.0 = Debug|Any CPU
		{5598F3D9-CA5B-455D-93C5-057737356906}.Release|Any CPU.ActiveCfg = Release|Any CPU
		{5598F3D9-CA5B-455D-93C5-057737356906}.Release|Any CPU.Build.0 = Release|Any CPU
		{5598F3D9-CA5B-455D-93C5-057737356906}.Release|x64.ActiveCfg = Release|Any CPU
		{5598F3D9-CA5B-455D-93C5-057737356906}.Release|x64.Build.0 = Release|Any CPU
		{5598F3D9-CA5B-455D-93C5-057737356906}.Release|x86.ActiveCfg = Release|Any CPU
		{5598F3D9-CA5B-455D-93C5-057737356906}.Release|x86.Build.0 = Release|Any CPU
		{6012C5BF-C46D-498D-9A1C-B7FE07F20DA7}.Debug|Any CPU.ActiveCfg = Debug|Any CPU
		{6012C5BF-C46D-498D-9A1C-B7FE07F20DA7}.Debug|Any CPU.Build.0 = Debug|Any CPU
		{6012C5BF-C46D-498D-9A1C-B7FE07F20DA7}.Debug|x64.ActiveCfg = Debug|Any CPU
		{6012C5BF-C46D-498D-9A1C-B7FE07F20DA7}.Debug|x64.Build.0 = Debug|Any CPU
		{6012C5BF-C46D-498D-9A1C-B7FE07F20DA7}.Debug|x86.ActiveCfg = Debug|Any CPU
		{6012C5BF-C46D-498D-9A1C-B7FE07F20DA7}.Debug|x86.Build.0 = Debug|Any CPU
		{6012C5BF-C46D-498D-9A1C-B7FE07F20DA7}.Release|Any CPU.ActiveCfg = Release|Any CPU
		{6012C5BF-C46D-498D-9A1C-B7FE07F20DA7}.Release|Any CPU.Build.0 = Release|Any CPU
		{6012C5BF-C46D-498D-9A1C-B7FE07F20DA7}.Release|x64.ActiveCfg = Release|Any CPU
		{6012C5BF-C46D-498D-9A1C-B7FE07F20DA7}.Release|x64.Build.0 = Release|Any CPU
		{6012C5BF-C46D-498D-9A1C-B7FE07F20DA7}.Release|x86.ActiveCfg = Release|Any CPU
		{6012C5BF-C46D-498D-9A1C-B7FE07F20DA7}.Release|x86.Build.0 = Release|Any CPU
	EndGlobalSection
	GlobalSection(SolutionProperties) = preSolution
		HideSolutionNode = FALSE
	EndGlobalSection
	GlobalSection(ExtensibilityGlobals) = postSolution
		SolutionGuid = {BF6842EC-6526-4D6D-A8B8-3B406615D9F1}
	EndGlobalSection
EndGlobal
