Microsoft Visual Studio Solution File, Format Version 12.00
# Visual Studio 15
VisualStudioVersion = 15.0.27130.2003
MinimumVisualStudioVersion = 15.0.26124.0
Project("{9A19103F-16F7-4668-BE54-9A1E7A4F7556}") = "day10.implementation", "day10.implementation\day10.implementation.csproj", "{6759F183-B05C-42A5-A659-C5BC1D41CC1A}"
EndProject
Project("{9A19103F-16F7-4668-BE54-9A1E7A4F7556}") = "day10.test", "day10.test\day10.test.csproj", "{4BF392C6-CF52-43D9-88A0-8CFAB88F338F}"
EndProject
Project("{9A19103F-16F7-4668-BE54-9A1E7A4F7556}") = "day10", "day10\day10.csproj", "{F72C90F7-1C7C-4E1E-A07E-C1FAEC9C735D}"
EndProject
Global
	GlobalSection(SolutionConfigurationPlatforms) = preSolution
		Debug|Any CPU = Debug|Any CPU
		Debug|x64 = Debug|x64
		Debug|x86 = Debug|x86
		Release|Any CPU = Release|Any CPU
		Release|x64 = Release|x64
		Release|x86 = Release|x86
	EndGlobalSection
	GlobalSection(ProjectConfigurationPlatforms) = postSolution
		{6759F183-B05C-42A5-A659-C5BC1D41CC1A}.Debug|Any CPU.ActiveCfg = Debug|Any CPU
		{6759F183-B05C-42A5-A659-C5BC1D41CC1A}.Debug|Any CPU.Build.0 = Debug|Any CPU
		{6759F183-B05C-42A5-A659-C5BC1D41CC1A}.Debug|x64.ActiveCfg = Debug|Any CPU
		{6759F183-B05C-42A5-A659-C5BC1D41CC1A}.Debug|x64.Build.0 = Debug|Any CPU
		{6759F183-B05C-42A5-A659-C5BC1D41CC1A}.Debug|x86.ActiveCfg = Debug|Any CPU
		{6759F183-B05C-42A5-A659-C5BC1D41CC1A}.Debug|x86.Build.0 = Debug|Any CPU
		{6759F183-B05C-42A5-A659-C5BC1D41CC1A}.Release|Any CPU.ActiveCfg = Release|Any CPU
		{6759F183-B05C-42A5-A659-C5BC1D41CC1A}.Release|Any CPU.Build.0 = Release|Any CPU
		{6759F183-B05C-42A5-A659-C5BC1D41CC1A}.Release|x64.ActiveCfg = Release|Any CPU
		{6759F183-B05C-42A5-A659-C5BC1D41CC1A}.Release|x64.Build.0 = Release|Any CPU
		{6759F183-B05C-42A5-A659-C5BC1D41CC1A}.Release|x86.ActiveCfg = Release|Any CPU
		{6759F183-B05C-42A5-A659-C5BC1D41CC1A}.Release|x86.Build.0 = Release|Any CPU
		{4BF392C6-CF52-43D9-88A0-8CFAB88F338F}.Debug|Any CPU.ActiveCfg = Debug|Any CPU
		{4BF392C6-CF52-43D9-88A0-8CFAB88F338F}.Debug|Any CPU.Build.0 = Debug|Any CPU
		{4BF392C6-CF52-43D9-88A0-8CFAB88F338F}.Debug|x64.ActiveCfg = Debug|Any CPU
		{4BF392C6-CF52-43D9-88A0-8CFAB88F338F}.Debug|x64.Build.0 = Debug|Any CPU
		{4BF392C6-CF52-43D9-88A0-8CFAB88F338F}.Debug|x86.ActiveCfg = Debug|Any CPU
		{4BF392C6-CF52-43D9-88A0-8CFAB88F338F}.Debug|x86.Build.0 = Debug|Any CPU
		{4BF392C6-CF52-43D9-88A0-8CFAB88F338F}.Release|Any CPU.ActiveCfg = Release|Any CPU
		{4BF392C6-CF52-43D9-88A0-8CFAB88F338F}.Release|Any CPU.Build.0 = Release|Any CPU
		{4BF392C6-CF52-43D9-88A0-8CFAB88F338F}.Release|x64.ActiveCfg = Release|Any CPU
		{4BF392C6-CF52-43D9-88A0-8CFAB88F338F}.Release|x64.Build.0 = Release|Any CPU
		{4BF392C6-CF52-43D9-88A0-8CFAB88F338F}.Release|x86.ActiveCfg = Release|Any CPU
		{4BF392C6-CF52-43D9-88A0-8CFAB88F338F}.Release|x86.Build.0 = Release|Any CPU
		{F72C90F7-1C7C-4E1E-A07E-C1FAEC9C735D}.Debug|Any CPU.ActiveCfg = Debug|Any CPU
		{F72C90F7-1C7C-4E1E-A07E-C1FAEC9C735D}.Debug|Any CPU.Build.0 = Debug|Any CPU
		{F72C90F7-1C7C-4E1E-A07E-C1FAEC9C735D}.Debug|x64.ActiveCfg = Debug|Any CPU
		{F72C90F7-1C7C-4E1E-A07E-C1FAEC9C735D}.Debug|x64.Build.0 = Debug|Any CPU
		{F72C90F7-1C7C-4E1E-A07E-C1FAEC9C735D}.Debug|x86.ActiveCfg = Debug|Any CPU
		{F72C90F7-1C7C-4E1E-A07E-C1FAEC9C735D}.Debug|x86.Build.0 = Debug|Any CPU
		{F72C90F7-1C7C-4E1E-A07E-C1FAEC9C735D}.Release|Any CPU.ActiveCfg = Release|Any CPU
		{F72C90F7-1C7C-4E1E-A07E-C1FAEC9C735D}.Release|Any CPU.Build.0 = Release|Any CPU
		{F72C90F7-1C7C-4E1E-A07E-C1FAEC9C735D}.Release|x64.ActiveCfg = Release|Any CPU
		{F72C90F7-1C7C-4E1E-A07E-C1FAEC9C735D}.Release|x64.Build.0 = Release|Any CPU
		{F72C90F7-1C7C-4E1E-A07E-C1FAEC9C735D}.Release|x86.ActiveCfg = Release|Any CPU
		{F72C90F7-1C7C-4E1E-A07E-C1FAEC9C735D}.Release|x86.Build.0 = Release|Any CPU
	EndGlobalSection
	GlobalSection(SolutionProperties) = preSolution
		HideSolutionNode = FALSE
	EndGlobalSection
	GlobalSection(ExtensibilityGlobals) = postSolution
		SolutionGuid = {C7404795-095A-439C-91D1-13C70E6673AF}
	EndGlobalSection
EndGlobal
