Microsoft Visual Studio Solution File, Format Version 12.00
# Visual Studio 15
VisualStudioVersion = 15.0.27130.2010
MinimumVisualStudioVersion = 15.0.26124.0
Project("{9A19103F-16F7-4668-BE54-9A1E7A4F7556}") = "day16.implementation", "day16.implementation\day16.implementation.csproj", "{FCD66A2F-C83A-4D3F-87F3-AE94F208A4D2}"
EndProject
Project("{9A19103F-16F7-4668-BE54-9A1E7A4F7556}") = "day16.test", "day16.test\day16.test.csproj", "{344B3C60-6637-4043-9FBC-7709AD6F55D4}"
EndProject
Project("{9A19103F-16F7-4668-BE54-9A1E7A4F7556}") = "day16", "day16\day16.csproj", "{144C5E17-3F0E-4009-A667-EC49B18ECCB1}"
EndProject
Global
	GlobalSection(SolutionConfigurationPlatforms) = preSolution
		Debug|Any CPU = Debug|Any CPU
		Debug|x64 = Debug|x64
		Debug|x86 = Debug|x86
		Release|Any CPU = Release|Any CPU
		Release|x64 = Release|x64
		Release|x86 = Release|x86
	EndGlobalSection
	GlobalSection(ProjectConfigurationPlatforms) = postSolution
		{FCD66A2F-C83A-4D3F-87F3-AE94F208A4D2}.Debug|Any CPU.ActiveCfg = Debug|Any CPU
		{FCD66A2F-C83A-4D3F-87F3-AE94F208A4D2}.Debug|Any CPU.Build.0 = Debug|Any CPU
		{FCD66A2F-C83A-4D3F-87F3-AE94F208A4D2}.Debug|x64.ActiveCfg = Debug|Any CPU
		{FCD66A2F-C83A-4D3F-87F3-AE94F208A4D2}.Debug|x64.Build.0 = Debug|Any CPU
		{FCD66A2F-C83A-4D3F-87F3-AE94F208A4D2}.Debug|x86.ActiveCfg = Debug|Any CPU
		{FCD66A2F-C83A-4D3F-87F3-AE94F208A4D2}.Debug|x86.Build.0 = Debug|Any CPU
		{FCD66A2F-C83A-4D3F-87F3-AE94F208A4D2}.Release|Any CPU.ActiveCfg = Release|Any CPU
		{FCD66A2F-C83A-4D3F-87F3-AE94F208A4D2}.Release|Any CPU.Build.0 = Release|Any CPU
		{FCD66A2F-C83A-4D3F-87F3-AE94F208A4D2}.Release|x64.ActiveCfg = Release|Any CPU
		{FCD66A2F-C83A-4D3F-87F3-AE94F208A4D2}.Release|x64.Build.0 = Release|Any CPU
		{FCD66A2F-C83A-4D3F-87F3-AE94F208A4D2}.Release|x86.ActiveCfg = Release|Any CPU
		{FCD66A2F-C83A-4D3F-87F3-AE94F208A4D2}.Release|x86.Build.0 = Release|Any CPU
		{344B3C60-6637-4043-9FBC-7709AD6F55D4}.Debug|Any CPU.ActiveCfg = Debug|Any CPU
		{344B3C60-6637-4043-9FBC-7709AD6F55D4}.Debug|Any CPU.Build.0 = Debug|Any CPU
		{344B3C60-6637-4043-9FBC-7709AD6F55D4}.Debug|x64.ActiveCfg = Debug|Any CPU
		{344B3C60-6637-4043-9FBC-7709AD6F55D4}.Debug|x64.Build.0 = Debug|Any CPU
		{344B3C60-6637-4043-9FBC-7709AD6F55D4}.Debug|x86.ActiveCfg = Debug|Any CPU
		{344B3C60-6637-4043-9FBC-7709AD6F55D4}.Debug|x86.Build.0 = Debug|Any CPU
		{344B3C60-6637-4043-9FBC-7709AD6F55D4}.Release|Any CPU.ActiveCfg = Release|Any CPU
		{344B3C60-6637-4043-9FBC-7709AD6F55D4}.Release|Any CPU.Build.0 = Release|Any CPU
		{344B3C60-6637-4043-9FBC-7709AD6F55D4}.Release|x64.ActiveCfg = Release|Any CPU
		{344B3C60-6637-4043-9FBC-7709AD6F55D4}.Release|x64.Build.0 = Release|Any CPU
		{344B3C60-6637-4043-9FBC-7709AD6F55D4}.Release|x86.ActiveCfg = Release|Any CPU
		{344B3C60-6637-4043-9FBC-7709AD6F55D4}.Release|x86.Build.0 = Release|Any CPU
		{144C5E17-3F0E-4009-A667-EC49B18ECCB1}.Debug|Any CPU.ActiveCfg = Debug|Any CPU
		{144C5E17-3F0E-4009-A667-EC49B18ECCB1}.Debug|Any CPU.Build.0 = Debug|Any CPU
		{144C5E17-3F0E-4009-A667-EC49B18ECCB1}.Debug|x64.ActiveCfg = Debug|Any CPU
		{144C5E17-3F0E-4009-A667-EC49B18ECCB1}.Debug|x64.Build.0 = Debug|Any CPU
		{144C5E17-3F0E-4009-A667-EC49B18ECCB1}.Debug|x86.ActiveCfg = Debug|Any CPU
		{144C5E17-3F0E-4009-A667-EC49B18ECCB1}.Debug|x86.Build.0 = Debug|Any CPU
		{144C5E17-3F0E-4009-A667-EC49B18ECCB1}.Release|Any CPU.ActiveCfg = Release|Any CPU
		{144C5E17-3F0E-4009-A667-EC49B18ECCB1}.Release|Any CPU.Build.0 = Release|Any CPU
		{144C5E17-3F0E-4009-A667-EC49B18ECCB1}.Release|x64.ActiveCfg = Release|Any CPU
		{144C5E17-3F0E-4009-A667-EC49B18ECCB1}.Release|x64.Build.0 = Release|Any CPU
		{144C5E17-3F0E-4009-A667-EC49B18ECCB1}.Release|x86.ActiveCfg = Release|Any CPU
		{144C5E17-3F0E-4009-A667-EC49B18ECCB1}.Release|x86.Build.0 = Release|Any CPU
	EndGlobalSection
	GlobalSection(SolutionProperties) = preSolution
		HideSolutionNode = FALSE
	EndGlobalSection
	GlobalSection(ExtensibilityGlobals) = postSolution
		SolutionGuid = {F831339C-5B1D-4E37-914C-8B84579957CC}
	EndGlobalSection
EndGlobal
