Microsoft Visual Studio Solution File, Format Version 12.00
# Visual Studio 15
VisualStudioVersion = 15.0.27130.2003
MinimumVisualStudioVersion = 15.0.26124.0
Project("{9A19103F-16F7-4668-BE54-9A1E7A4F7556}") = "day14.implementation", "day14.implementation\day14.implementation.csproj", "{8AC1D59C-28DD-4A76-9D7A-0E921BDC863F}"
EndProject
Project("{9A19103F-16F7-4668-BE54-9A1E7A4F7556}") = "day14.test", "day14.test\day14.test.csproj", "{EC1DE03B-AEB2-42F7-8FE8-81F3F649DB87}"
EndProject
Project("{9A19103F-16F7-4668-BE54-9A1E7A4F7556}") = "day14", "day14\day14.csproj", "{091A0B3D-A558-46C8-A856-905124EC22C9}"
EndProject
Global
	GlobalSection(SolutionConfigurationPlatforms) = preSolution
		Debug|Any CPU = Debug|Any CPU
		Debug|x64 = Debug|x64
		Debug|x86 = Debug|x86
		Release|Any CPU = Release|Any CPU
		Release|x64 = Release|x64
		Release|x86 = Release|x86
	EndGlobalSection
	GlobalSection(ProjectConfigurationPlatforms) = postSolution
		{8AC1D59C-28DD-4A76-9D7A-0E921BDC863F}.Debug|Any CPU.ActiveCfg = Debug|Any CPU
		{8AC1D59C-28DD-4A76-9D7A-0E921BDC863F}.Debug|Any CPU.Build.0 = Debug|Any CPU
		{8AC1D59C-28DD-4A76-9D7A-0E921BDC863F}.Debug|x64.ActiveCfg = Debug|Any CPU
		{8AC1D59C-28DD-4A76-9D7A-0E921BDC863F}.Debug|x64.Build.0 = Debug|Any CPU
		{8AC1D59C-28DD-4A76-9D7A-0E921BDC863F}.Debug|x86.ActiveCfg = Debug|Any CPU
		{8AC1D59C-28DD-4A76-9D7A-0E921BDC863F}.Debug|x86.Build.0 = Debug|Any CPU
		{8AC1D59C-28DD-4A76-9D7A-0E921BDC863F}.Release|Any CPU.ActiveCfg = Release|Any CPU
		{8AC1D59C-28DD-4A76-9D7A-0E921BDC863F}.Release|Any CPU.Build.0 = Release|Any CPU
		{8AC1D59C-28DD-4A76-9D7A-0E921BDC863F}.Release|x64.ActiveCfg = Release|Any CPU
		{8AC1D59C-28DD-4A76-9D7A-0E921BDC863F}.Release|x64.Build.0 = Release|Any CPU
		{8AC1D59C-28DD-4A76-9D7A-0E921BDC863F}.Release|x86.ActiveCfg = Release|Any CPU
		{8AC1D59C-28DD-4A76-9D7A-0E921BDC863F}.Release|x86.Build.0 = Release|Any CPU
		{EC1DE03B-AEB2-42F7-8FE8-81F3F649DB87}.Debug|Any CPU.ActiveCfg = Debug|Any CPU
		{EC1DE03B-AEB2-42F7-8FE8-81F3F649DB87}.Debug|Any CPU.Build.0 = Debug|Any CPU
		{EC1DE03B-AEB2-42F7-8FE8-81F3F649DB87}.Debug|x64.ActiveCfg = Debug|Any CPU
		{EC1DE03B-AEB2-42F7-8FE8-81F3F649DB87}.Debug|x64.Build.0 = Debug|Any CPU
		{EC1DE03B-AEB2-42F7-8FE8-81F3F649DB87}.Debug|x86.ActiveCfg = Debug|Any CPU
		{EC1DE03B-AEB2-42F7-8FE8-81F3F649DB87}.Debug|x86.Build.0 = Debug|Any CPU
		{EC1DE03B-AEB2-42F7-8FE8-81F3F649DB87}.Release|Any CPU.ActiveCfg = Release|Any CPU
		{EC1DE03B-AEB2-42F7-8FE8-81F3F649DB87}.Release|Any CPU.Build.0 = Release|Any CPU
		{EC1DE03B-AEB2-42F7-8FE8-81F3F649DB87}.Release|x64.ActiveCfg = Release|Any CPU
		{EC1DE03B-AEB2-42F7-8FE8-81F3F649DB87}.Release|x64.Build.0 = Release|Any CPU
		{EC1DE03B-AEB2-42F7-8FE8-81F3F649DB87}.Release|x86.ActiveCfg = Release|Any CPU
		{EC1DE03B-AEB2-42F7-8FE8-81F3F649DB87}.Release|x86.Build.0 = Release|Any CPU
		{091A0B3D-A558-46C8-A856-905124EC22C9}.Debug|Any CPU.ActiveCfg = Debug|Any CPU
		{091A0B3D-A558-46C8-A856-905124EC22C9}.Debug|Any CPU.Build.0 = Debug|Any CPU
		{091A0B3D-A558-46C8-A856-905124EC22C9}.Debug|x64.ActiveCfg = Debug|Any CPU
		{091A0B3D-A558-46C8-A856-905124EC22C9}.Debug|x64.Build.0 = Debug|Any CPU
		{091A0B3D-A558-46C8-A856-905124EC22C9}.Debug|x86.ActiveCfg = Debug|Any CPU
		{091A0B3D-A558-46C8-A856-905124EC22C9}.Debug|x86.Build.0 = Debug|Any CPU
		{091A0B3D-A558-46C8-A856-905124EC22C9}.Release|Any CPU.ActiveCfg = Release|Any CPU
		{091A0B3D-A558-46C8-A856-905124EC22C9}.Release|Any CPU.Build.0 = Release|Any CPU
		{091A0B3D-A558-46C8-A856-905124EC22C9}.Release|x64.ActiveCfg = Release|Any CPU
		{091A0B3D-A558-46C8-A856-905124EC22C9}.Release|x64.Build.0 = Release|Any CPU
		{091A0B3D-A558-46C8-A856-905124EC22C9}.Release|x86.ActiveCfg = Release|Any CPU
		{091A0B3D-A558-46C8-A856-905124EC22C9}.Release|x86.Build.0 = Release|Any CPU
	EndGlobalSection
	GlobalSection(SolutionProperties) = preSolution
		HideSolutionNode = FALSE
	EndGlobalSection
	GlobalSection(ExtensibilityGlobals) = postSolution
		SolutionGuid = {714A33C8-C5E0-43B0-B60A-C5E60CE7F62E}
	EndGlobalSection
EndGlobal
