
Microsoft Visual Studio Solution File, Format Version 12.00
# Visual Studio 15
VisualStudioVersion = 15.0.27130.0
MinimumVisualStudioVersion = 10.0.40219.1
Project("{FAE04EC0-301F-11D3-BF4B-00C04F79EFBC}") = "ConsoleApp2", "ConsoleApp2\ConsoleApp2.csproj", "{97E8E29D-6FE2-447F-AFA6-25EF261E6431}"
EndProject
Project("{FAE04EC0-301F-11D3-BF4B-00C04F79EFBC}") = "ConsoleApp5", "ConsoleApp5\ConsoleApp5.csproj", "{CD744E0C-A701-470C-96CA-63B04C2C03FF}"
EndProject
Project("{FAE04EC0-301F-11D3-BF4B-00C04F79EFBC}") = "ConsoleApp6", "ConsoleApp6\ConsoleApp6.csproj", "{2E33C5EC-924C-4E33-B68B-189CDC130849}"
EndProject
Global
	GlobalSection(SolutionConfigurationPlatforms) = preSolution
		Debug|Any CPU = Debug|Any CPU
		Release|Any CPU = Release|Any CPU
	EndGlobalSection
	GlobalSection(ProjectConfigurationPlatforms) = postSolution
		{97E8E29D-6FE2-447F-AFA6-25EF261E6431}.Debug|Any CPU.ActiveCfg = Debug|Any CPU
		{97E8E29D-6FE2-447F-AFA6-25EF261E6431}.Debug|Any CPU.Build.0 = Debug|Any CPU
		{97E8E29D-6FE2-447F-AFA6-25EF261E6431}.Release|Any CPU.ActiveCfg = Release|Any CPU
		{97E8E29D-6FE2-447F-AFA6-25EF261E6431}.Release|Any CPU.Build.0 = Release|Any CPU
		{CD744E0C-A701-470C-96CA-63B04C2C03FF}.Debug|Any CPU.ActiveCfg = Debug|Any CPU
		{CD744E0C-A701-470C-96CA-63B04C2C03FF}.Debug|Any CPU.Build.0 = Debug|Any CPU
		{CD744E0C-A701-470C-96CA-63B04C2C03FF}.Release|Any CPU.ActiveCfg = Release|Any CPU
		{CD744E0C-A701-470C-96CA-63B04C2C03FF}.Release|Any CPU.Build.0 = Release|Any CPU
		{2E33C5EC-924C-4E33-B68B-189CDC130849}.Debug|Any CPU.ActiveCfg = Debug|Any CPU
		{2E33C5EC-924C-4E33-B68B-189CDC130849}.Debug|Any CPU.Build.0 = Debug|Any CPU
		{2E33C5EC-924C-4E33-B68B-189CDC130849}.Release|Any CPU.ActiveCfg = Release|Any CPU
		{2E33C5EC-924C-4E33-B68B-189CDC130849}.Release|Any CPU.Build.0 = Release|Any CPU
	EndGlobalSection
	GlobalSection(SolutionProperties) = preSolution
		HideSolutionNode = FALSE
	EndGlobalSection
	GlobalSection(ExtensibilityGlobals) = postSolution
		SolutionGuid = {BFD3BA25-96EF-49C5-8FB8-4613B72A366A}
	EndGlobalSection
EndGlobal
